Microsoft Visual Studio Solution File, Format Version 11.00
# Visual Studio 2008

Project("{3D106F3C-19DC-E62C-8760-088566CA87B2}") = "dungeonthon", "Assembly-CSharp.csproj", "{0151000B-F6A9-09AA-4C4F-B16D0FBD9848}"
EndProject
Global
	GlobalSection(SolutionConfigurationPlatforms) = preSolution
		Debug|Any CPU = Debug|Any CPU
		Release|Any CPU = Release|Any CPU
	EndGlobalSection
	GlobalSection(ProjectConfigurationPlatforms) = postSolution
		{0151000B-F6A9-09AA-4C4F-B16D0FBD9848}.Debug|Any CPU.ActiveCfg = Debug|Any CPU
		{0151000B-F6A9-09AA-4C4F-B16D0FBD9848}.Debug|Any CPU.Build.0 = Debug|Any CPU
		{0151000B-F6A9-09AA-4C4F-B16D0FBD9848}.Release|Any CPU.ActiveCfg = Release|Any CPU
		{0151000B-F6A9-09AA-4C4F-B16D0FBD9848}.Release|Any CPU.Build.0 = Release|Any CPU
	EndGlobalSection
	GlobalSection(SolutionProperties) = preSolution
		HideSolutionNode = FALSE
	EndGlobalSection
	GlobalSection(MonoDevelopProperties) = preSolution
		StartupItem = Assembly-CSharp.csproj
	EndGlobalSection
EndGlobal
