Microsoft Visual Studio Solution File, Format Version 11.00
# Visual Studio 2008

Project("{9ED7BD93-ED3A-4960-E336-09F49A57C0DD}") = "dungeonathon", "Assembly-CSharp.csproj", "{3CBA2C5E-3233-98B2-9014-1C7A9052EB47}"
EndProject
Global
	GlobalSection(SolutionConfigurationPlatforms) = preSolution
		Debug|Any CPU = Debug|Any CPU
		Release|Any CPU = Release|Any CPU
	EndGlobalSection
	GlobalSection(ProjectConfigurationPlatforms) = postSolution
		{3CBA2C5E-3233-98B2-9014-1C7A9052EB47}.Debug|Any CPU.ActiveCfg = Debug|Any CPU
		{3CBA2C5E-3233-98B2-9014-1C7A9052EB47}.Debug|Any CPU.Build.0 = Debug|Any CPU
		{3CBA2C5E-3233-98B2-9014-1C7A9052EB47}.Release|Any CPU.ActiveCfg = Release|Any CPU
		{3CBA2C5E-3233-98B2-9014-1C7A9052EB47}.Release|Any CPU.Build.0 = Release|Any CPU
	EndGlobalSection
	GlobalSection(SolutionProperties) = preSolution
		HideSolutionNode = FALSE
	EndGlobalSection
	GlobalSection(MonoDevelopProperties) = preSolution
		StartupItem = Assembly-CSharp.csproj
	EndGlobalSection
EndGlobal
